
Microsoft Visual Studio Solution File, Format Version 12.00
# Visual Studio Version 17
VisualStudioVersion = 17.0.31903.59
MinimumVisualStudioVersion = 10.0.40219.1
Project("{FAE04EC0-301F-11D3-BF4B-00C04F79EFBC}") = "MyFirstAspNet", "MyFirstAspNet\MyFirstAspNet.csproj", "{6BA9C6B0-4BCE-4D8A-A3EE-C55AF152492E}"
EndProject
Global
	GlobalSection(SolutionConfigurationPlatforms) = preSolution
		Debug|Any CPU = Debug|Any CPU
		Release|Any CPU = Release|Any CPU
	EndGlobalSection
	GlobalSection(SolutionProperties) = preSolution
		HideSolutionNode = FALSE
	EndGlobalSection
	GlobalSection(ProjectConfigurationPlatforms) = postSolution
		{6BA9C6B0-4BCE-4D8A-A3EE-C55AF152492E}.Debug|Any CPU.ActiveCfg = Debug|Any CPU
		{6BA9C6B0-4BCE-4D8A-A3EE-C55AF152492E}.Debug|Any CPU.Build.0 = Debug|Any CPU
		{6BA9C6B0-4BCE-4D8A-A3EE-C55AF152492E}.Release|Any CPU.ActiveCfg = Release|Any CPU
		{6BA9C6B0-4BCE-4D8A-A3EE-C55AF152492E}.Release|Any CPU.Build.0 = Release|Any CPU
	EndGlobalSection
EndGlobal
